
Microsoft Visual Studio Solution File, Format Version 12.00
# Visual Studio 15
VisualStudioVersion = 15.0.28307.438
MinimumVisualStudioVersion = 10.0.40219.1
Project("{6EC3EE1D-3C4E-46DD-8F32-0CC8E7565705}") = "MKSistemas.Bibliotecas", "..\Projetos\MKSistemas.Biblioteca\MKSistemas.Bibliotecas.fsproj", "{037402AE-5064-41E6-AF05-BEF9F8C432B9}"
EndProject
Global
	GlobalSection(SolutionConfigurationPlatforms) = preSolution
		Debug|Any CPU = Debug|Any CPU
		Release|Any CPU = Release|Any CPU
	EndGlobalSection
	GlobalSection(ProjectConfigurationPlatforms) = postSolution
		{037402AE-5064-41E6-AF05-BEF9F8C432B9}.Debug|Any CPU.ActiveCfg = Debug|Any CPU
		{037402AE-5064-41E6-AF05-BEF9F8C432B9}.Debug|Any CPU.Build.0 = Debug|Any CPU
		{037402AE-5064-41E6-AF05-BEF9F8C432B9}.Release|Any CPU.ActiveCfg = Release|Any CPU
		{037402AE-5064-41E6-AF05-BEF9F8C432B9}.Release|Any CPU.Build.0 = Release|Any CPU
	EndGlobalSection
	GlobalSection(SolutionProperties) = preSolution
		HideSolutionNode = FALSE
	EndGlobalSection
	GlobalSection(ExtensibilityGlobals) = postSolution
		SolutionGuid = {0C57AD15-08DB-4C62-9FBF-EBD3D09A00BB}
	EndGlobalSection
EndGlobal
